
Microsoft Visual Studio Solution File, Format Version 12.00
# Visual Studio Version 17
VisualStudioVersion = 17.14.36518.9 d17.14
MinimumVisualStudioVersion = 10.0.40219.1
Project("{FAE04EC0-301F-11D3-BF4B-00C04F79EFBC}") = "SobreMetodos", "SobreMetodos.csproj", "{848BAF86-1267-4C14-B29C-AAE2C832BEEE}"
EndProject
Global
	GlobalSection(SolutionConfigurationPlatforms) = preSolution
		Debug|Any CPU = Debug|Any CPU
		Release|Any CPU = Release|Any CPU
	EndGlobalSection
	GlobalSection(ProjectConfigurationPlatforms) = postSolution
		{848BAF86-1267-4C14-B29C-AAE2C832BEEE}.Debug|Any CPU.ActiveCfg = Debug|Any CPU
		{848BAF86-1267-4C14-B29C-AAE2C832BEEE}.Debug|Any CPU.Build.0 = Debug|Any CPU
		{848BAF86-1267-4C14-B29C-AAE2C832BEEE}.Release|Any CPU.ActiveCfg = Release|Any CPU
		{848BAF86-1267-4C14-B29C-AAE2C832BEEE}.Release|Any CPU.Build.0 = Release|Any CPU
	EndGlobalSection
	GlobalSection(SolutionProperties) = preSolution
		HideSolutionNode = FALSE
	EndGlobalSection
	GlobalSection(ExtensibilityGlobals) = postSolution
		SolutionGuid = {EE886678-9F5E-457C-A9CD-7EEC42D0BE23}
	EndGlobalSection
EndGlobal
