
Microsoft Visual Studio Solution File, Format Version 12.00
# Visual Studio Version 17
VisualStudioVersion = 17.14.36623.8 d17.14
MinimumVisualStudioVersion = 10.0.40219.1
Project("{FAE04EC0-301F-11D3-BF4B-00C04F79EFBC}") = "SobreTasks", "SobreTasks.csproj", "{F43A03FC-8C3F-4BAF-93A5-56E5E34CD1A9}"
EndProject
Global
	GlobalSection(SolutionConfigurationPlatforms) = preSolution
		Debug|Any CPU = Debug|Any CPU
		Release|Any CPU = Release|Any CPU
	EndGlobalSection
	GlobalSection(ProjectConfigurationPlatforms) = postSolution
		{F43A03FC-8C3F-4BAF-93A5-56E5E34CD1A9}.Debug|Any CPU.ActiveCfg = Debug|Any CPU
		{F43A03FC-8C3F-4BAF-93A5-56E5E34CD1A9}.Debug|Any CPU.Build.0 = Debug|Any CPU
		{F43A03FC-8C3F-4BAF-93A5-56E5E34CD1A9}.Release|Any CPU.ActiveCfg = Release|Any CPU
		{F43A03FC-8C3F-4BAF-93A5-56E5E34CD1A9}.Release|Any CPU.Build.0 = Release|Any CPU
	EndGlobalSection
	GlobalSection(SolutionProperties) = preSolution
		HideSolutionNode = FALSE
	EndGlobalSection
	GlobalSection(ExtensibilityGlobals) = postSolution
		SolutionGuid = {68F69806-8A40-4760-885A-3B3F66A53059}
	EndGlobalSection
EndGlobal
