
Microsoft Visual Studio Solution File, Format Version 12.00
# Visual Studio Version 17
VisualStudioVersion = 17.14.36518.9 d17.14
MinimumVisualStudioVersion = 10.0.40219.1
Project("{FAE04EC0-301F-11D3-BF4B-00C04F79EFBC}") = "CadastroComInterfaces", "CadastroComInterfaces.csproj", "{061B270B-230D-46F4-AFE1-FB6451C08FDB}"
EndProject
Global
	GlobalSection(SolutionConfigurationPlatforms) = preSolution
		Debug|Any CPU = Debug|Any CPU
		Release|Any CPU = Release|Any CPU
	EndGlobalSection
	GlobalSection(ProjectConfigurationPlatforms) = postSolution
		{061B270B-230D-46F4-AFE1-FB6451C08FDB}.Debug|Any CPU.ActiveCfg = Debug|Any CPU
		{061B270B-230D-46F4-AFE1-FB6451C08FDB}.Debug|Any CPU.Build.0 = Debug|Any CPU
		{061B270B-230D-46F4-AFE1-FB6451C08FDB}.Release|Any CPU.ActiveCfg = Release|Any CPU
		{061B270B-230D-46F4-AFE1-FB6451C08FDB}.Release|Any CPU.Build.0 = Release|Any CPU
	EndGlobalSection
	GlobalSection(SolutionProperties) = preSolution
		HideSolutionNode = FALSE
	EndGlobalSection
	GlobalSection(ExtensibilityGlobals) = postSolution
		SolutionGuid = {ECB379C0-4295-4185-8B8F-73D906BDF8CD}
	EndGlobalSection
EndGlobal
