
Microsoft Visual Studio Solution File, Format Version 12.00
# Visual Studio Version 17
VisualStudioVersion = 17.14.36518.9 d17.14
MinimumVisualStudioVersion = 10.0.40219.1
Project("{FAE04EC0-301F-11D3-BF4B-00C04F79EFBC}") = "Fatorial", "Fatorial.csproj", "{77DBCA06-FD39-4544-BF4B-91EAEEF71C1D}"
EndProject
Project("{FAE04EC0-301F-11D3-BF4B-00C04F79EFBC}") = "LoginTest", "..\LoginTest\LoginTest.csproj", "{DC15657D-4BFD-4EF9-AB99-E16553424E2A}"
EndProject
Global
	GlobalSection(SolutionConfigurationPlatforms) = preSolution
		Debug|Any CPU = Debug|Any CPU
		Release|Any CPU = Release|Any CPU
	EndGlobalSection
	GlobalSection(ProjectConfigurationPlatforms) = postSolution
		{77DBCA06-FD39-4544-BF4B-91EAEEF71C1D}.Debug|Any CPU.ActiveCfg = Debug|Any CPU
		{77DBCA06-FD39-4544-BF4B-91EAEEF71C1D}.Debug|Any CPU.Build.0 = Debug|Any CPU
		{77DBCA06-FD39-4544-BF4B-91EAEEF71C1D}.Release|Any CPU.ActiveCfg = Release|Any CPU
		{77DBCA06-FD39-4544-BF4B-91EAEEF71C1D}.Release|Any CPU.Build.0 = Release|Any CPU
		{DC15657D-4BFD-4EF9-AB99-E16553424E2A}.Debug|Any CPU.ActiveCfg = Debug|Any CPU
		{DC15657D-4BFD-4EF9-AB99-E16553424E2A}.Debug|Any CPU.Build.0 = Debug|Any CPU
		{DC15657D-4BFD-4EF9-AB99-E16553424E2A}.Release|Any CPU.ActiveCfg = Release|Any CPU
		{DC15657D-4BFD-4EF9-AB99-E16553424E2A}.Release|Any CPU.Build.0 = Release|Any CPU
	EndGlobalSection
	GlobalSection(SolutionProperties) = preSolution
		HideSolutionNode = FALSE
	EndGlobalSection
	GlobalSection(ExtensibilityGlobals) = postSolution
		SolutionGuid = {A54D7901-8D28-40FA-BA81-D265FD5C1850}
	EndGlobalSection
EndGlobal
